
Microsoft Visual Studio Solution File, Format Version 12.00
# Visual Studio Version 16
VisualStudioVersion = 16.0.30413.136
MinimumVisualStudioVersion = 10.0.40219.1
Project("{FAE04EC0-301F-11D3-BF4B-00C04F79EFBC}") = "NancyWebApi", "NancyWebApi\NancyWebApi.csproj", "{15412B92-6B23-4673-86FA-A77F3F4293A1}"
EndProject
Project("{FAE04EC0-301F-11D3-BF4B-00C04F79EFBC}") = "NyTimesApi", "NyTimesAPI\NyTimesApi.csproj", "{77242701-6178-43C9-8ED0-94BF0663614C}"
EndProject
Project("{FAE04EC0-301F-11D3-BF4B-00C04F79EFBC}") = "NancyWebApiTests", "NancyWebApiTests\NancyWebApiTests.csproj", "{4EEFC8D8-2C97-4060-BA38-285A3E4B0780}"
EndProject
Global
	GlobalSection(SolutionConfigurationPlatforms) = preSolution
		Debug|Any CPU = Debug|Any CPU
		Release|Any CPU = Release|Any CPU
	EndGlobalSection
	GlobalSection(ProjectConfigurationPlatforms) = postSolution
		{15412B92-6B23-4673-86FA-A77F3F4293A1}.Debug|Any CPU.ActiveCfg = Debug|Any CPU
		{15412B92-6B23-4673-86FA-A77F3F4293A1}.Debug|Any CPU.Build.0 = Debug|Any CPU
		{15412B92-6B23-4673-86FA-A77F3F4293A1}.Release|Any CPU.ActiveCfg = Release|Any CPU
		{15412B92-6B23-4673-86FA-A77F3F4293A1}.Release|Any CPU.Build.0 = Release|Any CPU
		{77242701-6178-43C9-8ED0-94BF0663614C}.Debug|Any CPU.ActiveCfg = Debug|Any CPU
		{77242701-6178-43C9-8ED0-94BF0663614C}.Debug|Any CPU.Build.0 = Debug|Any CPU
		{77242701-6178-43C9-8ED0-94BF0663614C}.Release|Any CPU.ActiveCfg = Release|Any CPU
		{77242701-6178-43C9-8ED0-94BF0663614C}.Release|Any CPU.Build.0 = Release|Any CPU
		{4EEFC8D8-2C97-4060-BA38-285A3E4B0780}.Debug|Any CPU.ActiveCfg = Debug|Any CPU
		{4EEFC8D8-2C97-4060-BA38-285A3E4B0780}.Debug|Any CPU.Build.0 = Debug|Any CPU
		{4EEFC8D8-2C97-4060-BA38-285A3E4B0780}.Release|Any CPU.ActiveCfg = Release|Any CPU
		{4EEFC8D8-2C97-4060-BA38-285A3E4B0780}.Release|Any CPU.Build.0 = Release|Any CPU
	EndGlobalSection
	GlobalSection(SolutionProperties) = preSolution
		HideSolutionNode = FALSE
	EndGlobalSection
	GlobalSection(ExtensibilityGlobals) = postSolution
		SolutionGuid = {00B255A8-6D20-41EE-9152-8B54372C374A}
	EndGlobalSection
EndGlobal
